
Microsoft Visual Studio Solution File, Format Version 12.00
# Visual Studio Version 16
VisualStudioVersion = 16.0.30907.101
MinimumVisualStudioVersion = 10.0.40219.1
Project("{FAE04EC0-301F-11D3-BF4B-00C04F79EFBC}") = "SearchOnGraphCSharp", "SearchOnGraphCSharp\SearchOnGraphCSharp.csproj", "{BDD111C4-C08B-4818-9D92-B953B9DB12E2}"
EndProject
Global
	GlobalSection(SolutionConfigurationPlatforms) = preSolution
		Debug|Any CPU = Debug|Any CPU
		Release|Any CPU = Release|Any CPU
	EndGlobalSection
	GlobalSection(ProjectConfigurationPlatforms) = postSolution
		{BDD111C4-C08B-4818-9D92-B953B9DB12E2}.Debug|Any CPU.ActiveCfg = Debug|Any CPU
		{BDD111C4-C08B-4818-9D92-B953B9DB12E2}.Debug|Any CPU.Build.0 = Debug|Any CPU
		{BDD111C4-C08B-4818-9D92-B953B9DB12E2}.Release|Any CPU.ActiveCfg = Release|Any CPU
		{BDD111C4-C08B-4818-9D92-B953B9DB12E2}.Release|Any CPU.Build.0 = Release|Any CPU
	EndGlobalSection
	GlobalSection(SolutionProperties) = preSolution
		HideSolutionNode = FALSE
	EndGlobalSection
	GlobalSection(ExtensibilityGlobals) = postSolution
		SolutionGuid = {1A58D7C5-9206-4F68-B9F9-8072B20FA540}
	EndGlobalSection
EndGlobal
