
Microsoft Visual Studio Solution File, Format Version 12.00
# Visual Studio Version 16
VisualStudioVersion = 16.0.30907.101
MinimumVisualStudioVersion = 10.0.40219.1
Project("{FAE04EC0-301F-11D3-BF4B-00C04F79EFBC}") = "ColoringGraphVS.CSharp", "ColoringGraphVS.CSharp\ColoringGraphVS.CSharp.csproj", "{F9E8FC61-E750-49A7-8692-D7F1F23F317B}"
EndProject
Global
	GlobalSection(SolutionConfigurationPlatforms) = preSolution
		Debug|Any CPU = Debug|Any CPU
		Release|Any CPU = Release|Any CPU
	EndGlobalSection
	GlobalSection(ProjectConfigurationPlatforms) = postSolution
		{F9E8FC61-E750-49A7-8692-D7F1F23F317B}.Debug|Any CPU.ActiveCfg = Debug|Any CPU
		{F9E8FC61-E750-49A7-8692-D7F1F23F317B}.Debug|Any CPU.Build.0 = Debug|Any CPU
		{F9E8FC61-E750-49A7-8692-D7F1F23F317B}.Release|Any CPU.ActiveCfg = Release|Any CPU
		{F9E8FC61-E750-49A7-8692-D7F1F23F317B}.Release|Any CPU.Build.0 = Release|Any CPU
	EndGlobalSection
	GlobalSection(SolutionProperties) = preSolution
		HideSolutionNode = FALSE
	EndGlobalSection
	GlobalSection(ExtensibilityGlobals) = postSolution
		SolutionGuid = {38FC8E4E-AC1B-4604-9C83-06B3F8A221A1}
	EndGlobalSection
EndGlobal
